
Microsoft Visual Studio Solution File, Format Version 12.00
# Visual Studio Version 17
VisualStudioVersion = 17.0.31903.59
MinimumVisualStudioVersion = 10.0.40219.1
Project("{FAE04EC0-301F-11D3-BF4B-00C04F79EFBC}") = "DemoConsole", "DemoConsole\DemoConsole.csproj", "{6BE874D8-FD14-449F-A349-CA0918D418DA}"
EndProject
Project("{FAE04EC0-301F-11D3-BF4B-00C04F79EFBC}") = "DemoWebApi", "DemoWebApi\DemoWebApi.csproj", "{5F060798-52F9-45B9-8869-7EF6CEFA4620}"
EndProject
Project("{FAE04EC0-301F-11D3-BF4B-00C04F79EFBC}") = "DemoWebApi.Dataa", "DemoWebApi.Dataa\DemoWebApi.Dataa.csproj", "{0E101606-C1DA-42D1-9A04-AD819B92670D}"
EndProject
Project("{FAE04EC0-301F-11D3-BF4B-00C04F79EFBC}") = "DemoWebApi.Business", "DemoWebApi.Business\DemoWebApi.Business.csproj", "{DD94C418-EF5D-4D18-AB59-424392648E6F}"
EndProject
Global
	GlobalSection(SolutionConfigurationPlatforms) = preSolution
		Debug|Any CPU = Debug|Any CPU
		Debug|x64 = Debug|x64
		Debug|x86 = Debug|x86
		Release|Any CPU = Release|Any CPU
		Release|x64 = Release|x64
		Release|x86 = Release|x86
	EndGlobalSection
	GlobalSection(ProjectConfigurationPlatforms) = postSolution
		{6BE874D8-FD14-449F-A349-CA0918D418DA}.Debug|Any CPU.ActiveCfg = Debug|Any CPU
		{6BE874D8-FD14-449F-A349-CA0918D418DA}.Debug|Any CPU.Build.0 = Debug|Any CPU
		{6BE874D8-FD14-449F-A349-CA0918D418DA}.Debug|x64.ActiveCfg = Debug|Any CPU
		{6BE874D8-FD14-449F-A349-CA0918D418DA}.Debug|x64.Build.0 = Debug|Any CPU
		{6BE874D8-FD14-449F-A349-CA0918D418DA}.Debug|x86.ActiveCfg = Debug|Any CPU
		{6BE874D8-FD14-449F-A349-CA0918D418DA}.Debug|x86.Build.0 = Debug|Any CPU
		{6BE874D8-FD14-449F-A349-CA0918D418DA}.Release|Any CPU.ActiveCfg = Release|Any CPU
		{6BE874D8-FD14-449F-A349-CA0918D418DA}.Release|Any CPU.Build.0 = Release|Any CPU
		{6BE874D8-FD14-449F-A349-CA0918D418DA}.Release|x64.ActiveCfg = Release|Any CPU
		{6BE874D8-FD14-449F-A349-CA0918D418DA}.Release|x64.Build.0 = Release|Any CPU
		{6BE874D8-FD14-449F-A349-CA0918D418DA}.Release|x86.ActiveCfg = Release|Any CPU
		{6BE874D8-FD14-449F-A349-CA0918D418DA}.Release|x86.Build.0 = Release|Any CPU
		{5F060798-52F9-45B9-8869-7EF6CEFA4620}.Debug|Any CPU.ActiveCfg = Debug|Any CPU
		{5F060798-52F9-45B9-8869-7EF6CEFA4620}.Debug|Any CPU.Build.0 = Debug|Any CPU
		{5F060798-52F9-45B9-8869-7EF6CEFA4620}.Debug|x64.ActiveCfg = Debug|Any CPU
		{5F060798-52F9-45B9-8869-7EF6CEFA4620}.Debug|x64.Build.0 = Debug|Any CPU
		{5F060798-52F9-45B9-8869-7EF6CEFA4620}.Debug|x86.ActiveCfg = Debug|Any CPU
		{5F060798-52F9-45B9-8869-7EF6CEFA4620}.Debug|x86.Build.0 = Debug|Any CPU
		{5F060798-52F9-45B9-8869-7EF6CEFA4620}.Release|Any CPU.ActiveCfg = Release|Any CPU
		{5F060798-52F9-45B9-8869-7EF6CEFA4620}.Release|Any CPU.Build.0 = Release|Any CPU
		{5F060798-52F9-45B9-8869-7EF6CEFA4620}.Release|x64.ActiveCfg = Release|Any CPU
		{5F060798-52F9-45B9-8869-7EF6CEFA4620}.Release|x64.Build.0 = Release|Any CPU
		{5F060798-52F9-45B9-8869-7EF6CEFA4620}.Release|x86.ActiveCfg = Release|Any CPU
		{5F060798-52F9-45B9-8869-7EF6CEFA4620}.Release|x86.Build.0 = Release|Any CPU
		{0E101606-C1DA-42D1-9A04-AD819B92670D}.Debug|Any CPU.ActiveCfg = Debug|Any CPU
		{0E101606-C1DA-42D1-9A04-AD819B92670D}.Debug|Any CPU.Build.0 = Debug|Any CPU
		{0E101606-C1DA-42D1-9A04-AD819B92670D}.Debug|x64.ActiveCfg = Debug|Any CPU
		{0E101606-C1DA-42D1-9A04-AD819B92670D}.Debug|x64.Build.0 = Debug|Any CPU
		{0E101606-C1DA-42D1-9A04-AD819B92670D}.Debug|x86.ActiveCfg = Debug|Any CPU
		{0E101606-C1DA-42D1-9A04-AD819B92670D}.Debug|x86.Build.0 = Debug|Any CPU
		{0E101606-C1DA-42D1-9A04-AD819B92670D}.Release|Any CPU.ActiveCfg = Release|Any CPU
		{0E101606-C1DA-42D1-9A04-AD819B92670D}.Release|Any CPU.Build.0 = Release|Any CPU
		{0E101606-C1DA-42D1-9A04-AD819B92670D}.Release|x64.ActiveCfg = Release|Any CPU
		{0E101606-C1DA-42D1-9A04-AD819B92670D}.Release|x64.Build.0 = Release|Any CPU
		{0E101606-C1DA-42D1-9A04-AD819B92670D}.Release|x86.ActiveCfg = Release|Any CPU
		{0E101606-C1DA-42D1-9A04-AD819B92670D}.Release|x86.Build.0 = Release|Any CPU
		{DD94C418-EF5D-4D18-AB59-424392648E6F}.Debug|Any CPU.ActiveCfg = Debug|Any CPU
		{DD94C418-EF5D-4D18-AB59-424392648E6F}.Debug|Any CPU.Build.0 = Debug|Any CPU
		{DD94C418-EF5D-4D18-AB59-424392648E6F}.Debug|x64.ActiveCfg = Debug|Any CPU
		{DD94C418-EF5D-4D18-AB59-424392648E6F}.Debug|x64.Build.0 = Debug|Any CPU
		{DD94C418-EF5D-4D18-AB59-424392648E6F}.Debug|x86.ActiveCfg = Debug|Any CPU
		{DD94C418-EF5D-4D18-AB59-424392648E6F}.Debug|x86.Build.0 = Debug|Any CPU
		{DD94C418-EF5D-4D18-AB59-424392648E6F}.Release|Any CPU.ActiveCfg = Release|Any CPU
		{DD94C418-EF5D-4D18-AB59-424392648E6F}.Release|Any CPU.Build.0 = Release|Any CPU
		{DD94C418-EF5D-4D18-AB59-424392648E6F}.Release|x64.ActiveCfg = Release|Any CPU
		{DD94C418-EF5D-4D18-AB59-424392648E6F}.Release|x64.Build.0 = Release|Any CPU
		{DD94C418-EF5D-4D18-AB59-424392648E6F}.Release|x86.ActiveCfg = Release|Any CPU
		{DD94C418-EF5D-4D18-AB59-424392648E6F}.Release|x86.Build.0 = Release|Any CPU
	EndGlobalSection
	GlobalSection(SolutionProperties) = preSolution
		HideSolutionNode = FALSE
	EndGlobalSection
	GlobalSection(ExtensibilityGlobals) = postSolution
		SolutionGuid = {39820B89-66CC-43BB-8196-70B634952FCC}
	EndGlobalSection
EndGlobal
